
Microsoft Visual Studio Solution File, Format Version 12.00
# Visual Studio Version 17
VisualStudioVersion = 17.0.31912.275
MinimumVisualStudioVersion = 10.0.40219.1
Project("{9A19103F-16F7-4668-BE54-9A1E7A4F7556}") = "Core", "src\Core\Core.csproj", "{6191BF6F-67CD-46CA-A3A3-47F8EE17A99A}"
EndProject
Project("{2150E333-8FDC-42A3-9474-1A3956D46DE8}") = "Solution Items", "Solution Items", "{5124E6A6-5358-4D1D-A623-292420FB91EA}"
	ProjectSection(SolutionItems) = preProject
		.editorconfig = .editorconfig
		Directory.Build.props = Directory.Build.props
		Directory.Packages.props = Directory.Packages.props
		nuget.config = nuget.config
		Build.ps1 = Build.ps1
		Push.ps1 = Push.ps1
	EndProjectSection
EndProject
Project("{9A19103F-16F7-4668-BE54-9A1E7A4F7556}") = "AspNetCore", "src\AspNetCore\AspNetCore.csproj", "{1D6941BC-073E-4E3B-A9B1-2A5AFB9D2791}"
EndProject
Project("{9A19103F-16F7-4668-BE54-9A1E7A4F7556}") = "EntityFramework.Infrastructure", "src\EntityFramework.Infrastructure\EntityFramework.Infrastructure.csproj", "{A00165EF-1AF9-4AC1-AEEE-8C040D27DF51}"
EndProject
Project("{9A19103F-16F7-4668-BE54-9A1E7A4F7556}") = "Infrastructure", "src\Infrastructure\Infrastructure.csproj", "{F0C65E0A-828B-4CBD-A3FD-8DF97E3762F6}"
EndProject
Project("{9A19103F-16F7-4668-BE54-9A1E7A4F7556}") = "Core.MediatR", "src\Core.MediatR\Core.MediatR.csproj", "{5065E005-C74F-41D4-8033-2E0146925E46}"
EndProject
Project("{9A19103F-16F7-4668-BE54-9A1E7A4F7556}") = "Swagger", "src\Swagger\Swagger.csproj", "{2E599543-EBFF-4531-84D4-7CA408522E43}"
EndProject
Project("{9A19103F-16F7-4668-BE54-9A1E7A4F7556}") = "EntityFramework", "src\EntityFramework\EntityFramework.csproj", "{44FB1A87-4F84-49D0-88FE-13BE4366401B}"
EndProject
Project("{9A19103F-16F7-4668-BE54-9A1E7A4F7556}") = "HealthChecks", "src\HealthChecks\HealthChecks.csproj", "{D10C81DD-7EA2-4C63-B452-845ED2BA3F24}"
EndProject
Project("{9A19103F-16F7-4668-BE54-9A1E7A4F7556}") = "EventBus", "src\EventBus\EventBus.csproj", "{C8E18986-4154-449F-8C31-91098AD04B02}"
EndProject
Project("{9A19103F-16F7-4668-BE54-9A1E7A4F7556}") = "IntegrationEvents", "src\IntegrationEvents\IntegrationEvents.csproj", "{7F52BEE4-8639-4098-B9D0-313C6EC5D31C}"
EndProject
Project("{9A19103F-16F7-4668-BE54-9A1E7A4F7556}") = "EventBus.Tests", "tests\EventBus.Tests\EventBus.Tests.csproj", "{17D6B26F-2098-487B-B256-297CE2A5CA48}"
EndProject
Project("{9A19103F-16F7-4668-BE54-9A1E7A4F7556}") = "TestUtilities", "src\TestUtilities\TestUtilities.csproj", "{0B354B4E-7432-452F-8BB5-BEB663B5BAA8}"
EndProject
Project("{FAE04EC0-301F-11D3-BF4B-00C04F79EFBC}") = "TestUtilities.Tests", "tests\TestUtilities.Tests\TestUtilities.Tests.csproj", "{E7A4F03B-83A6-4FE8-89ED-5B130A8C8D4E}"
EndProject
Project("{2150E333-8FDC-42A3-9474-1A3956D46DE8}") = "src", "src", "{18E0523E-397A-4487-BB9F-ABF9D1E36A01}"
EndProject
Project("{2150E333-8FDC-42A3-9474-1A3956D46DE8}") = "tests", "tests", "{A06EBB9D-63A5-439B-BC34-D89B39D19625}"
EndProject
Project("{2150E333-8FDC-42A3-9474-1A3956D46DE8}") = ".github", ".github", "{27B34D73-6CAA-42A8-9DB9-265EF5371A6D}"
EndProject
Project("{2150E333-8FDC-42A3-9474-1A3956D46DE8}") = "workflows", "workflows", "{69702391-74BD-40BD-8F46-F48D2C9C3298}"
	ProjectSection(SolutionItems) = preProject
		.github\workflows\ci.yml = .github\workflows\ci.yml
	EndProjectSection
EndProject
Project("{FAE04EC0-301F-11D3-BF4B-00C04F79EFBC}") = "SmartEnums", "src\SmartEnums\SmartEnums.csproj", "{B41294EF-1780-4B8D-B91B-C9F4FE894E26}"
EndProject
Project("{FAE04EC0-301F-11D3-BF4B-00C04F79EFBC}") = "SmartEnums.EntityFramework", "src\SmartEnums.EntityFramework\SmartEnums.EntityFramework.csproj", "{563B6A19-8FCE-435B-B1A4-F1E315856CDD}"
EndProject
Project("{FAE04EC0-301F-11D3-BF4B-00C04F79EFBC}") = "SmartEnums.Swagger", "src\SmartEnums.Swagger\SmartEnums.Swagger.csproj", "{9A1FFD5C-E23E-4F29-BFDA-CED4177978E5}"
EndProject
Project("{FAE04EC0-301F-11D3-BF4B-00C04F79EFBC}") = "SmartEnums.SystemTextJson", "src\SmartEnums.SystemTextJson\SmartEnums.SystemTextJson.csproj", "{A030F359-97B9-4427-998D-26F04D295734}"
EndProject
Project("{FAE04EC0-301F-11D3-BF4B-00C04F79EFBC}") = "SmartEnums.VerifyTests", "src\SmartEnums.VerifyTests\SmartEnums.VerifyTests.csproj", "{656F37B8-A143-493B-B17A-240F739E8C84}"
EndProject
Project("{FAE04EC0-301F-11D3-BF4B-00C04F79EFBC}") = "AspNetCore.Tests.SystemTextJson", "src\AspNetCore.Tests.SystemTextJson\AspNetCore.Tests.SystemTextJson.csproj", "{651E040E-0C91-46CF-978D-5CA2F75C004C}"
EndProject
Project("{FAE04EC0-301F-11D3-BF4B-00C04F79EFBC}") = "AspNetCore.TestUtilities", "src\AspNetCore.TestUtilities\AspNetCore.TestUtilities.csproj", "{D86902EF-22F1-4AB2-AFDA-2CF7AE014258}"
EndProject
Project("{FAE04EC0-301F-11D3-BF4B-00C04F79EFBC}") = "Core.Tests", "tests\Core.Tests\Core.Tests.csproj", "{D44EBCF2-0A37-4E00-816E-4445B3150CA9}"
EndProject
Global
	GlobalSection(SolutionConfigurationPlatforms) = preSolution
		Debug|Any CPU = Debug|Any CPU
		Release|Any CPU = Release|Any CPU
	EndGlobalSection
	GlobalSection(ProjectConfigurationPlatforms) = postSolution
		{6191BF6F-67CD-46CA-A3A3-47F8EE17A99A}.Debug|Any CPU.ActiveCfg = Debug|Any CPU
		{6191BF6F-67CD-46CA-A3A3-47F8EE17A99A}.Debug|Any CPU.Build.0 = Debug|Any CPU
		{6191BF6F-67CD-46CA-A3A3-47F8EE17A99A}.Release|Any CPU.ActiveCfg = Release|Any CPU
		{6191BF6F-67CD-46CA-A3A3-47F8EE17A99A}.Release|Any CPU.Build.0 = Release|Any CPU
		{1D6941BC-073E-4E3B-A9B1-2A5AFB9D2791}.Debug|Any CPU.ActiveCfg = Debug|Any CPU
		{1D6941BC-073E-4E3B-A9B1-2A5AFB9D2791}.Debug|Any CPU.Build.0 = Debug|Any CPU
		{1D6941BC-073E-4E3B-A9B1-2A5AFB9D2791}.Release|Any CPU.ActiveCfg = Release|Any CPU
		{1D6941BC-073E-4E3B-A9B1-2A5AFB9D2791}.Release|Any CPU.Build.0 = Release|Any CPU
		{A00165EF-1AF9-4AC1-AEEE-8C040D27DF51}.Debug|Any CPU.ActiveCfg = Debug|Any CPU
		{A00165EF-1AF9-4AC1-AEEE-8C040D27DF51}.Debug|Any CPU.Build.0 = Debug|Any CPU
		{A00165EF-1AF9-4AC1-AEEE-8C040D27DF51}.Release|Any CPU.ActiveCfg = Release|Any CPU
		{A00165EF-1AF9-4AC1-AEEE-8C040D27DF51}.Release|Any CPU.Build.0 = Release|Any CPU
		{F0C65E0A-828B-4CBD-A3FD-8DF97E3762F6}.Debug|Any CPU.ActiveCfg = Debug|Any CPU
		{F0C65E0A-828B-4CBD-A3FD-8DF97E3762F6}.Debug|Any CPU.Build.0 = Debug|Any CPU
		{F0C65E0A-828B-4CBD-A3FD-8DF97E3762F6}.Release|Any CPU.ActiveCfg = Release|Any CPU
		{F0C65E0A-828B-4CBD-A3FD-8DF97E3762F6}.Release|Any CPU.Build.0 = Release|Any CPU
		{5065E005-C74F-41D4-8033-2E0146925E46}.Debug|Any CPU.ActiveCfg = Debug|Any CPU
		{5065E005-C74F-41D4-8033-2E0146925E46}.Debug|Any CPU.Build.0 = Debug|Any CPU
		{5065E005-C74F-41D4-8033-2E0146925E46}.Release|Any CPU.ActiveCfg = Release|Any CPU
		{5065E005-C74F-41D4-8033-2E0146925E46}.Release|Any CPU.Build.0 = Release|Any CPU
		{2E599543-EBFF-4531-84D4-7CA408522E43}.Debug|Any CPU.ActiveCfg = Debug|Any CPU
		{2E599543-EBFF-4531-84D4-7CA408522E43}.Debug|Any CPU.Build.0 = Debug|Any CPU
		{2E599543-EBFF-4531-84D4-7CA408522E43}.Release|Any CPU.ActiveCfg = Release|Any CPU
		{2E599543-EBFF-4531-84D4-7CA408522E43}.Release|Any CPU.Build.0 = Release|Any CPU
		{44FB1A87-4F84-49D0-88FE-13BE4366401B}.Debug|Any CPU.ActiveCfg = Debug|Any CPU
		{44FB1A87-4F84-49D0-88FE-13BE4366401B}.Debug|Any CPU.Build.0 = Debug|Any CPU
		{44FB1A87-4F84-49D0-88FE-13BE4366401B}.Release|Any CPU.ActiveCfg = Release|Any CPU
		{44FB1A87-4F84-49D0-88FE-13BE4366401B}.Release|Any CPU.Build.0 = Release|Any CPU
		{D10C81DD-7EA2-4C63-B452-845ED2BA3F24}.Debug|Any CPU.ActiveCfg = Debug|Any CPU
		{D10C81DD-7EA2-4C63-B452-845ED2BA3F24}.Debug|Any CPU.Build.0 = Debug|Any CPU
		{D10C81DD-7EA2-4C63-B452-845ED2BA3F24}.Release|Any CPU.ActiveCfg = Release|Any CPU
		{D10C81DD-7EA2-4C63-B452-845ED2BA3F24}.Release|Any CPU.Build.0 = Release|Any CPU
		{C8E18986-4154-449F-8C31-91098AD04B02}.Debug|Any CPU.ActiveCfg = Debug|Any CPU
		{C8E18986-4154-449F-8C31-91098AD04B02}.Debug|Any CPU.Build.0 = Debug|Any CPU
		{C8E18986-4154-449F-8C31-91098AD04B02}.Release|Any CPU.ActiveCfg = Release|Any CPU
		{C8E18986-4154-449F-8C31-91098AD04B02}.Release|Any CPU.Build.0 = Release|Any CPU
		{7F52BEE4-8639-4098-B9D0-313C6EC5D31C}.Debug|Any CPU.ActiveCfg = Debug|Any CPU
		{7F52BEE4-8639-4098-B9D0-313C6EC5D31C}.Debug|Any CPU.Build.0 = Debug|Any CPU
		{7F52BEE4-8639-4098-B9D0-313C6EC5D31C}.Release|Any CPU.ActiveCfg = Release|Any CPU
		{7F52BEE4-8639-4098-B9D0-313C6EC5D31C}.Release|Any CPU.Build.0 = Release|Any CPU
		{17D6B26F-2098-487B-B256-297CE2A5CA48}.Debug|Any CPU.ActiveCfg = Debug|Any CPU
		{17D6B26F-2098-487B-B256-297CE2A5CA48}.Debug|Any CPU.Build.0 = Debug|Any CPU
		{17D6B26F-2098-487B-B256-297CE2A5CA48}.Release|Any CPU.ActiveCfg = Release|Any CPU
		{17D6B26F-2098-487B-B256-297CE2A5CA48}.Release|Any CPU.Build.0 = Release|Any CPU
		{0B354B4E-7432-452F-8BB5-BEB663B5BAA8}.Debug|Any CPU.ActiveCfg = Debug|Any CPU
		{0B354B4E-7432-452F-8BB5-BEB663B5BAA8}.Debug|Any CPU.Build.0 = Debug|Any CPU
		{0B354B4E-7432-452F-8BB5-BEB663B5BAA8}.Release|Any CPU.ActiveCfg = Release|Any CPU
		{0B354B4E-7432-452F-8BB5-BEB663B5BAA8}.Release|Any CPU.Build.0 = Release|Any CPU
		{E7A4F03B-83A6-4FE8-89ED-5B130A8C8D4E}.Debug|Any CPU.ActiveCfg = Debug|Any CPU
		{E7A4F03B-83A6-4FE8-89ED-5B130A8C8D4E}.Debug|Any CPU.Build.0 = Debug|Any CPU
		{E7A4F03B-83A6-4FE8-89ED-5B130A8C8D4E}.Release|Any CPU.ActiveCfg = Release|Any CPU
		{E7A4F03B-83A6-4FE8-89ED-5B130A8C8D4E}.Release|Any CPU.Build.0 = Release|Any CPU
		{B41294EF-1780-4B8D-B91B-C9F4FE894E26}.Debug|Any CPU.ActiveCfg = Debug|Any CPU
		{B41294EF-1780-4B8D-B91B-C9F4FE894E26}.Debug|Any CPU.Build.0 = Debug|Any CPU
		{B41294EF-1780-4B8D-B91B-C9F4FE894E26}.Release|Any CPU.ActiveCfg = Release|Any CPU
		{B41294EF-1780-4B8D-B91B-C9F4FE894E26}.Release|Any CPU.Build.0 = Release|Any CPU
		{563B6A19-8FCE-435B-B1A4-F1E315856CDD}.Debug|Any CPU.ActiveCfg = Debug|Any CPU
		{563B6A19-8FCE-435B-B1A4-F1E315856CDD}.Debug|Any CPU.Build.0 = Debug|Any CPU
		{563B6A19-8FCE-435B-B1A4-F1E315856CDD}.Release|Any CPU.ActiveCfg = Release|Any CPU
		{563B6A19-8FCE-435B-B1A4-F1E315856CDD}.Release|Any CPU.Build.0 = Release|Any CPU
		{9A1FFD5C-E23E-4F29-BFDA-CED4177978E5}.Debug|Any CPU.ActiveCfg = Debug|Any CPU
		{9A1FFD5C-E23E-4F29-BFDA-CED4177978E5}.Debug|Any CPU.Build.0 = Debug|Any CPU
		{9A1FFD5C-E23E-4F29-BFDA-CED4177978E5}.Release|Any CPU.ActiveCfg = Release|Any CPU
		{9A1FFD5C-E23E-4F29-BFDA-CED4177978E5}.Release|Any CPU.Build.0 = Release|Any CPU
		{A030F359-97B9-4427-998D-26F04D295734}.Debug|Any CPU.ActiveCfg = Debug|Any CPU
		{A030F359-97B9-4427-998D-26F04D295734}.Debug|Any CPU.Build.0 = Debug|Any CPU
		{A030F359-97B9-4427-998D-26F04D295734}.Release|Any CPU.ActiveCfg = Release|Any CPU
		{A030F359-97B9-4427-998D-26F04D295734}.Release|Any CPU.Build.0 = Release|Any CPU
		{656F37B8-A143-493B-B17A-240F739E8C84}.Debug|Any CPU.ActiveCfg = Debug|Any CPU
		{656F37B8-A143-493B-B17A-240F739E8C84}.Debug|Any CPU.Build.0 = Debug|Any CPU
		{656F37B8-A143-493B-B17A-240F739E8C84}.Release|Any CPU.ActiveCfg = Release|Any CPU
		{656F37B8-A143-493B-B17A-240F739E8C84}.Release|Any CPU.Build.0 = Release|Any CPU
		{651E040E-0C91-46CF-978D-5CA2F75C004C}.Debug|Any CPU.ActiveCfg = Debug|Any CPU
		{651E040E-0C91-46CF-978D-5CA2F75C004C}.Debug|Any CPU.Build.0 = Debug|Any CPU
		{651E040E-0C91-46CF-978D-5CA2F75C004C}.Release|Any CPU.ActiveCfg = Release|Any CPU
		{651E040E-0C91-46CF-978D-5CA2F75C004C}.Release|Any CPU.Build.0 = Release|Any CPU
		{D86902EF-22F1-4AB2-AFDA-2CF7AE014258}.Debug|Any CPU.ActiveCfg = Debug|Any CPU
		{D86902EF-22F1-4AB2-AFDA-2CF7AE014258}.Debug|Any CPU.Build.0 = Debug|Any CPU
		{D86902EF-22F1-4AB2-AFDA-2CF7AE014258}.Release|Any CPU.ActiveCfg = Release|Any CPU
		{D86902EF-22F1-4AB2-AFDA-2CF7AE014258}.Release|Any CPU.Build.0 = Release|Any CPU
		{D44EBCF2-0A37-4E00-816E-4445B3150CA9}.Debug|Any CPU.ActiveCfg = Debug|Any CPU
		{D44EBCF2-0A37-4E00-816E-4445B3150CA9}.Debug|Any CPU.Build.0 = Debug|Any CPU
		{D44EBCF2-0A37-4E00-816E-4445B3150CA9}.Release|Any CPU.ActiveCfg = Release|Any CPU
		{D44EBCF2-0A37-4E00-816E-4445B3150CA9}.Release|Any CPU.Build.0 = Release|Any CPU
	EndGlobalSection
	GlobalSection(SolutionProperties) = preSolution
		HideSolutionNode = FALSE
	EndGlobalSection
	GlobalSection(ExtensibilityGlobals) = postSolution
		SolutionGuid = {C260615A-5A9F-47CB-8EBD-05DBD7B15837}
	EndGlobalSection
	GlobalSection(NestedProjects) = preSolution
		{6191BF6F-67CD-46CA-A3A3-47F8EE17A99A} = {18E0523E-397A-4487-BB9F-ABF9D1E36A01}
		{1D6941BC-073E-4E3B-A9B1-2A5AFB9D2791} = {18E0523E-397A-4487-BB9F-ABF9D1E36A01}
		{44FB1A87-4F84-49D0-88FE-13BE4366401B} = {18E0523E-397A-4487-BB9F-ABF9D1E36A01}
		{A00165EF-1AF9-4AC1-AEEE-8C040D27DF51} = {18E0523E-397A-4487-BB9F-ABF9D1E36A01}
		{C8E18986-4154-449F-8C31-91098AD04B02} = {18E0523E-397A-4487-BB9F-ABF9D1E36A01}
		{D10C81DD-7EA2-4C63-B452-845ED2BA3F24} = {18E0523E-397A-4487-BB9F-ABF9D1E36A01}
		{F0C65E0A-828B-4CBD-A3FD-8DF97E3762F6} = {18E0523E-397A-4487-BB9F-ABF9D1E36A01}
		{7F52BEE4-8639-4098-B9D0-313C6EC5D31C} = {18E0523E-397A-4487-BB9F-ABF9D1E36A01}
		{5065E005-C74F-41D4-8033-2E0146925E46} = {18E0523E-397A-4487-BB9F-ABF9D1E36A01}
		{2E599543-EBFF-4531-84D4-7CA408522E43} = {18E0523E-397A-4487-BB9F-ABF9D1E36A01}
		{0B354B4E-7432-452F-8BB5-BEB663B5BAA8} = {18E0523E-397A-4487-BB9F-ABF9D1E36A01}
		{17D6B26F-2098-487B-B256-297CE2A5CA48} = {A06EBB9D-63A5-439B-BC34-D89B39D19625}
		{E7A4F03B-83A6-4FE8-89ED-5B130A8C8D4E} = {A06EBB9D-63A5-439B-BC34-D89B39D19625}
		{69702391-74BD-40BD-8F46-F48D2C9C3298} = {27B34D73-6CAA-42A8-9DB9-265EF5371A6D}
		{B41294EF-1780-4B8D-B91B-C9F4FE894E26} = {18E0523E-397A-4487-BB9F-ABF9D1E36A01}
		{563B6A19-8FCE-435B-B1A4-F1E315856CDD} = {18E0523E-397A-4487-BB9F-ABF9D1E36A01}
		{9A1FFD5C-E23E-4F29-BFDA-CED4177978E5} = {18E0523E-397A-4487-BB9F-ABF9D1E36A01}
		{A030F359-97B9-4427-998D-26F04D295734} = {18E0523E-397A-4487-BB9F-ABF9D1E36A01}
		{656F37B8-A143-493B-B17A-240F739E8C84} = {18E0523E-397A-4487-BB9F-ABF9D1E36A01}
		{651E040E-0C91-46CF-978D-5CA2F75C004C} = {18E0523E-397A-4487-BB9F-ABF9D1E36A01}
		{D86902EF-22F1-4AB2-AFDA-2CF7AE014258} = {18E0523E-397A-4487-BB9F-ABF9D1E36A01}
		{D44EBCF2-0A37-4E00-816E-4445B3150CA9} = {A06EBB9D-63A5-439B-BC34-D89B39D19625}
	EndGlobalSection
EndGlobal
