{
  "version": 2,
  "dependencies": {
    "net9.0": {
      "JetBrains.Annotations": {
        "type": "Direct",
        "requested": "[2025.2.0, )",
        "resolved": "2025.2.0",
        "contentHash": "2BvMkOSW+50EbQFhWFIPWTqmcDLiyyjwkMN7lN386bhP2vN/7ts5t59qu11HtenmHFxqDzaD8J1fFoh+QTOzVA=="
      },
      "Microsoft.SourceLink.GitHub": {
        "type": "Direct",
        "requested": "[8.0.0, )",
        "resolved": "8.0.0",
        "contentHash": "G5q7OqtwIyGTkeIOAc3u2ZuV/kicQaec5EaRnc0pIeSnh9LUjj+PYQrJYBURvDt7twGl2PKA7nSN0kz1Zw5bnQ==",
        "dependencies": {
          "Microsoft.Build.Tasks.Git": "8.0.0",
          "Microsoft.SourceLink.Common": "8.0.0"
        }
      },
      "MinVer": {
        "type": "Direct",
        "requested": "[6.0.0, )",
        "resolved": "6.0.0",
        "contentHash": "+/SsmiySsXJlvQLCGBqaZKNVt3s/Y/HbAdwtop7Km2CnuZbaScoqkWJEBQ5Cy9ebkn6kCYKrHsXgwrFdTgcb3g=="
      },
      "NSwag.Generation.AspNetCore": {
        "type": "Direct",
        "requested": "[14.5.0, )",
        "resolved": "14.5.0",
        "contentHash": "wl8xX1JzcN7ZXLodh9yEZgbXJmFD7HQfFLnDDMBcwq7k3du3aRUtYvx1AZ/foutsP16ANL/8D1bKR4S5ZFOLTA==",
        "dependencies": {
          "NSwag.Generation": "14.5.0"
        }
      },
      "MediatR.Contracts": {
        "type": "Transitive",
        "resolved": "2.0.1",
        "contentHash": "FYv95bNT4UwcNA+G/J1oX5OpRiSUxteXaUt2BJbRSdRNiIUNbggJF69wy6mnk2wYToaanpdXZdCwVylt96MpwQ=="
      },
      "Microsoft.Build.Tasks.Git": {
        "type": "Transitive",
        "resolved": "8.0.0",
        "contentHash": "bZKfSIKJRXLTuSzLudMFte/8CempWjVamNUR5eHJizsy+iuOuO/k2gnh7W0dHJmYY0tBf+gUErfluCv5mySAOQ=="
      },
      "Microsoft.SourceLink.Common": {
        "type": "Transitive",
        "resolved": "8.0.0",
        "contentHash": "dk9JPxTCIevS75HyEQ0E4OVAFhB2N+V9ShCXf8Q6FkUQZDkgLI12y679Nym1YqsiSysuQskT7Z+6nUf3yab6Vw=="
      },
      "Namotion.Reflection": {
        "type": "Transitive",
        "resolved": "3.4.2",
        "contentHash": "ZHrvPdAg7zV78iOTiH9ua+34rBfn4iH6Bjfo2bzUHOGD3KkjGUvqxBFy+v9p6qwV+GEeYWl4NOqXH8tVcZOMpw=="
      },
      "Newtonsoft.Json": {
        "type": "Transitive",
        "resolved": "13.0.3",
        "contentHash": "HrC5BXdl00IP9zeV+0Z848QWPAoCr9P3bDEZguI+gkLcBKAOxix/tLEAAHC+UvDNPv4a2d18lOReHMOagPa+zQ=="
      },
      "NJsonSchema": {
        "type": "Transitive",
        "resolved": "11.4.0",
        "contentHash": "0q6mr6eJk/D4jPFKyRwAPauedZK60yFE5rjA3+aqCdQm9kGE9J8xygRrLfk0Ms8wBviWbLlaZYzqAteG3b6Yag==",
        "dependencies": {
          "NJsonSchema.Annotations": "11.4.0",
          "Namotion.Reflection": "3.4.2",
          "Newtonsoft.Json": "13.0.3"
        }
      },
      "NJsonSchema.Annotations": {
        "type": "Transitive",
        "resolved": "11.4.0",
        "contentHash": "fKAGyIU9s18e9GAdNbEr2PmZdpBqb1RdAr2+EHHrdkSZNoYtwFcmN6syJaxYxeEFegoLbC3e+EU5eb7Tt1ph3Q=="
      },
      "NJsonSchema.NewtonsoftJson": {
        "type": "Transitive",
        "resolved": "11.4.0",
        "contentHash": "y04Z9zqVTbM4r2zaNXp6bt7aA0p3boLALdwB4Chi8+AG8evx4/G1biWIn2yWSnFxWg0mdxmTTAXRpS0TP3qfKQ==",
        "dependencies": {
          "NJsonSchema": "11.4.0",
          "Newtonsoft.Json": "13.0.3"
        }
      },
      "NSwag.Core": {
        "type": "Transitive",
        "resolved": "14.5.0",
        "contentHash": "hpTmWTO6azAIuCyBZj3PKkkUOcztquyu3LTJJcaA2f/gjaj3gwg5kEyvSVYHNIgU93+gEJIVkh4Rk/EiFnoW9w==",
        "dependencies": {
          "NJsonSchema": "11.4.0"
        }
      },
      "NSwag.Generation": {
        "type": "Transitive",
        "resolved": "14.5.0",
        "contentHash": "hYG1W0EkcFcPLhNKzfRR1umPklqgn/ZcG0hZiwanEZ9ig5jCPpM9bxTCYIKculH8n0W3v6mc8ffuCFeUCl+aEQ==",
        "dependencies": {
          "NJsonSchema.NewtonsoftJson": "11.4.0",
          "NSwag.Core": "14.5.0"
        }
      },
      "CraftersCloud.Core": {
        "type": "Project",
        "dependencies": {
          "FluentValidation": "[12.0.0, )",
          "JetBrains.Annotations": "[2025.2.0, )",
          "MediatR": "[12.5.0, )",
          "OneOf": "[3.0.271, )"
        }
      },
      "CraftersCloud.Core.SmartEnums": {
        "type": "Project",
        "dependencies": {
          "Ardalis.SmartEnum": "[8.2.0, )",
          "CraftersCloud.Core": "[1.0.0, )",
          "JetBrains.Annotations": "[2025.2.0, )"
        }
      },
      "Ardalis.SmartEnum": {
        "type": "CentralTransitive",
        "requested": "[8.2.0, )",
        "resolved": "8.2.0",
        "contentHash": "P1CLI2okpzHjOJnZMYLnzcyu1/fUJEYK1X4JSnal2TPmovrUTtXK6Sn78D2JgKUdwjSeWddnRveMj+BEZoksvg=="
      },
      "FluentValidation": {
        "type": "CentralTransitive",
        "requested": "[12.0.0, )",
        "resolved": "12.0.0",
        "contentHash": "8NVLxtMUXynRHJIX3Hn1ACovaqZIJASufXIIFkD0EUbcd5PmMsL1xUD5h548gCezJ5BzlITaR9CAMrGe29aWpA=="
      },
      "MediatR": {
        "type": "CentralTransitive",
        "requested": "[12.5.0, )",
        "resolved": "12.5.0",
        "contentHash": "vqm2H8/nqL5NAJHPhsG1JOPwfkmbVrPyh4svdoRzu+uZh6Ex7PRoHBGsLYC0/RWCEJFqD1ohHNpteQvql9OktA==",
        "dependencies": {
          "MediatR.Contracts": "[2.0.1, 3.0.0)",
          "Microsoft.Extensions.DependencyInjection.Abstractions": "8.0.0"
        }
      },
      "Microsoft.Extensions.DependencyInjection.Abstractions": {
        "type": "CentralTransitive",
        "requested": "[9.0.8, )",
        "resolved": "8.0.0",
        "contentHash": "cjWrLkJXK0rs4zofsK4bSdg+jhDLTaxrkXu4gS6Y7MAlCvRyNNgwY/lJi5RDlQOnSZweHqoyvgvbdvQsRIW+hg=="
      },
      "OneOf": {
        "type": "CentralTransitive",
        "requested": "[3.0.271, )",
        "resolved": "3.0.271",
        "contentHash": "pqpqeK8xQGggExhr4tesVgJkjdn+9HQAO0QgrYV2hFjE3y90okzk1kQMntMiUOGfV7FrCUfKPaVvPBD4IANqKg=="
      }
    }
  }
}